
Microsoft Visual Studio Solution File, Format Version 12.00
# Visual Studio Version 16
VisualStudioVersion = 16.0.30804.86
MinimumVisualStudioVersion = 10.0.40219.1
Project("{FAE04EC0-301F-11D3-BF4B-00C04F79EFBC}") = "Entities", "Entities\Entities.csproj", "{4097797B-C5CB-46DB-9010-893ADD402524}"
EndProject
Project("{FAE04EC0-301F-11D3-BF4B-00C04F79EFBC}") = "DataAccess", "DataAccess\DataAccess.csproj", "{5B41E2A1-4951-4290-BF34-419747C4EB4C}"
EndProject
Project("{FAE04EC0-301F-11D3-BF4B-00C04F79EFBC}") = "Business", "Business\Business.csproj", "{3F587E40-6CF6-4BC9-A95E-F4AF84423AD4}"
EndProject
Project("{FAE04EC0-301F-11D3-BF4B-00C04F79EFBC}") = "ConsoleUI", "Console\ConsoleUI.csproj", "{1EDFAB13-E312-455A-AE5F-5C896C004FE3}"
EndProject
Project("{FAE04EC0-301F-11D3-BF4B-00C04F79EFBC}") = "Core", "Core\Core.csproj", "{47F940E8-2A5B-4ADE-BA5B-A2A126589899}"
EndProject
Global
	GlobalSection(SolutionConfigurationPlatforms) = preSolution
		Debug|Any CPU = Debug|Any CPU
		Release|Any CPU = Release|Any CPU
	EndGlobalSection
	GlobalSection(ProjectConfigurationPlatforms) = postSolution
		{4097797B-C5CB-46DB-9010-893ADD402524}.Debug|Any CPU.ActiveCfg = Debug|Any CPU
		{4097797B-C5CB-46DB-9010-893ADD402524}.Debug|Any CPU.Build.0 = Debug|Any CPU
		{4097797B-C5CB-46DB-9010-893ADD402524}.Release|Any CPU.ActiveCfg = Release|Any CPU
		{4097797B-C5CB-46DB-9010-893ADD402524}.Release|Any CPU.Build.0 = Release|Any CPU
		{5B41E2A1-4951-4290-BF34-419747C4EB4C}.Debug|Any CPU.ActiveCfg = Debug|Any CPU
		{5B41E2A1-4951-4290-BF34-419747C4EB4C}.Debug|Any CPU.Build.0 = Debug|Any CPU
		{5B41E2A1-4951-4290-BF34-419747C4EB4C}.Release|Any CPU.ActiveCfg = Release|Any CPU
		{5B41E2A1-4951-4290-BF34-419747C4EB4C}.Release|Any CPU.Build.0 = Release|Any CPU
		{3F587E40-6CF6-4BC9-A95E-F4AF84423AD4}.Debug|Any CPU.ActiveCfg = Debug|Any CPU
		{3F587E40-6CF6-4BC9-A95E-F4AF84423AD4}.Debug|Any CPU.Build.0 = Debug|Any CPU
		{3F587E40-6CF6-4BC9-A95E-F4AF84423AD4}.Release|Any CPU.ActiveCfg = Release|Any CPU
		{3F587E40-6CF6-4BC9-A95E-F4AF84423AD4}.Release|Any CPU.Build.0 = Release|Any CPU
		{1EDFAB13-E312-455A-AE5F-5C896C004FE3}.Debug|Any CPU.ActiveCfg = Debug|Any CPU
		{1EDFAB13-E312-455A-AE5F-5C896C004FE3}.Debug|Any CPU.Build.0 = Debug|Any CPU
		{1EDFAB13-E312-455A-AE5F-5C896C004FE3}.Release|Any CPU.ActiveCfg = Release|Any CPU
		{1EDFAB13-E312-455A-AE5F-5C896C004FE3}.Release|Any CPU.Build.0 = Release|Any CPU
		{47F940E8-2A5B-4ADE-BA5B-A2A126589899}.Debug|Any CPU.ActiveCfg = Debug|Any CPU
		{47F940E8-2A5B-4ADE-BA5B-A2A126589899}.Debug|Any CPU.Build.0 = Debug|Any CPU
		{47F940E8-2A5B-4ADE-BA5B-A2A126589899}.Release|Any CPU.ActiveCfg = Release|Any CPU
		{47F940E8-2A5B-4ADE-BA5B-A2A126589899}.Release|Any CPU.Build.0 = Release|Any CPU
	EndGlobalSection
	GlobalSection(SolutionProperties) = preSolution
		HideSolutionNode = FALSE
	EndGlobalSection
	GlobalSection(ExtensibilityGlobals) = postSolution
		SolutionGuid = {ADAF4493-ED3D-4042-8818-25AB26B5F2BC}
	EndGlobalSection
EndGlobal
